
Microsoft Visual Studio Solution File, Format Version 12.00
# Visual Studio Version 17
VisualStudioVersion = 17.4.33205.214
MinimumVisualStudioVersion = 10.0.40219.1
Project("{FAE04EC0-301F-11D3-BF4B-00C04F79EFBC}") = "JsonSteaming.Client.Console", "JsonSteaming.Client.Console\JsonSteaming.Client.Console.csproj", "{4A63C996-684D-4735-8284-D292FB52309C}"
EndProject
Project("{9A19103F-16F7-4668-BE54-9A1E7A4F7556}") = "JsonStreaming.Contracts", "..\..\contracts\JsonStreamingContracts\JsonStreaming.Contracts.csproj", "{2EE5D2D2-EEB6-4151-B9EE-4C063058E67C}"
EndProject
Global
	GlobalSection(SolutionConfigurationPlatforms) = preSolution
		Debug|Any CPU = Debug|Any CPU
		Release|Any CPU = Release|Any CPU
	EndGlobalSection
	GlobalSection(ProjectConfigurationPlatforms) = postSolution
		{4A63C996-684D-4735-8284-D292FB52309C}.Debug|Any CPU.ActiveCfg = Debug|Any CPU
		{4A63C996-684D-4735-8284-D292FB52309C}.Debug|Any CPU.Build.0 = Debug|Any CPU
		{4A63C996-684D-4735-8284-D292FB52309C}.Release|Any CPU.ActiveCfg = Release|Any CPU
		{4A63C996-684D-4735-8284-D292FB52309C}.Release|Any CPU.Build.0 = Release|Any CPU
		{2EE5D2D2-EEB6-4151-B9EE-4C063058E67C}.Debug|Any CPU.ActiveCfg = Debug|Any CPU
		{2EE5D2D2-EEB6-4151-B9EE-4C063058E67C}.Debug|Any CPU.Build.0 = Debug|Any CPU
		{2EE5D2D2-EEB6-4151-B9EE-4C063058E67C}.Release|Any CPU.ActiveCfg = Release|Any CPU
		{2EE5D2D2-EEB6-4151-B9EE-4C063058E67C}.Release|Any CPU.Build.0 = Release|Any CPU
	EndGlobalSection
	GlobalSection(SolutionProperties) = preSolution
		HideSolutionNode = FALSE
	EndGlobalSection
	GlobalSection(ExtensibilityGlobals) = postSolution
		SolutionGuid = {8DDB5462-5AEB-42D2-9B0A-6C84312A2CCF}
	EndGlobalSection
EndGlobal
